
Microsoft Visual Studio Solution File, Format Version 10.00
# Visual Studio 2008
Project("{FAE04EC0-301F-11D3-BF4B-00C04F79EFBC}") = "BdsSoft.SharePoint.Linq", "BdsSoft.SharePoint.Linq\BdsSoft.SharePoint.Linq.csproj", "{B19723C2-779B-4FE5-B5BB-A9CAC927F96A}"
EndProject
Project("{FAE04EC0-301F-11D3-BF4B-00C04F79EFBC}") = "BdsSoft.SharePoint.Linq.Tools.SpMetal", "SpMetal\BdsSoft.SharePoint.Linq.Tools.SpMetal.csproj", "{3FBD2C31-0D90-42FA-BC23-CBE8A5DDE45A}"
EndProject
Project("{2150E333-8FDC-42A3-9474-1A3956D46DE8}") = "Solution Items", "Solution Items", "{5527A76A-AFF5-4694-B9CA-FD9E698CD06A}"
	ProjectSection(SolutionItems) = preProject
		LINQtoSharePoint.FxCop = LINQtoSharePoint.FxCop
		LinqToSharePoint.vsmdi = LinqToSharePoint.vsmdi
		LocalTestRun.testrunconfig = LocalTestRun.testrunconfig
	EndProjectSection
EndProject
Project("{FAE04EC0-301F-11D3-BF4B-00C04F79EFBC}") = "Tests", "Tests\Tests.csproj", "{1ACE901B-0691-4795-BBA6-69A856D7B372}"
EndProject
Project("{FAE04EC0-301F-11D3-BF4B-00C04F79EFBC}") = "Junkyard", "Junkyard\Junkyard.csproj", "{41C163BA-F4E9-4188-B41D-405F32AA704A}"
EndProject
Project("{2150E333-8FDC-42A3-9474-1A3956D46DE8}") = "Tools", "Tools", "{9F054971-94A5-4E61-98D6-E54D077DE662}"
EndProject
Project("{2150E333-8FDC-42A3-9474-1A3956D46DE8}") = "Library", "Library", "{EDF1B637-946E-4F00-895E-4FC86A2B068B}"
EndProject
Project("{2150E333-8FDC-42A3-9474-1A3956D46DE8}") = "Demo", "Demo", "{6606A2AF-D58C-4B09-B058-FE374DD124AE}"
EndProject
Project("{2150E333-8FDC-42A3-9474-1A3956D46DE8}") = "Developer's garden", "Developer's garden", "{EA99290B-36F6-4A53-A855-53AD053E24B3}"
EndProject
Project("{2150E333-8FDC-42A3-9474-1A3956D46DE8}") = "Test", "Test", "{6D9F34B5-4A7A-4296-B232-5E3AD7D0643B}"
EndProject
Project("{FAE04EC0-301F-11D3-BF4B-00C04F79EFBC}") = "TestEntities", "TestEntities\TestEntities.csproj", "{3BD9FFBB-B9AD-4249-8975-CFEA38088211}"
EndProject
Project("{F184B08F-C81C-45F6-A57F-5ABD9991F28F}") = "TestHelpersVb", "TestHelpersVb\TestHelpersVb.vbproj", "{F92DDC6F-0912-42AD-AB4E-7708B2E412AC}"
EndProject
Project("{FAE04EC0-301F-11D3-BF4B-00C04F79EFBC}") = "BdsSoft.SharePoint.Linq.Tools.EntityGenerator", "BdsSoft.SharePoint.Linq.Tools.EntityGenerator\BdsSoft.SharePoint.Linq.Tools.EntityGenerator.csproj", "{67AA3765-542B-44BA-8B26-49402555D0B6}"
EndProject
Project("{FAE04EC0-301F-11D3-BF4B-00C04F79EFBC}") = "BdsSoft.SharePoint.Linq.Tools.Spml", "BdsSoft.SharePoint.Linq.Tools.Spml\BdsSoft.SharePoint.Linq.Tools.Spml.csproj", "{D40D3731-1597-4180-B5D7-E052B5D9A935}"
EndProject
Project("{54435603-DBB4-11D2-8724-00A0C9A8B90C}") = "ToolsSetup", "ToolsSetup\ToolsSetup.vdproj", "{97DD1F53-E775-4AF9-BF6B-22B4106FEDFD}"
EndProject
Project("{FAE04EC0-301F-11D3-BF4B-00C04F79EFBC}") = "BdsSoft.SharePoint.Linq.Tools.DebuggerVisualizer", "BdsSoft.SharePoint.Linq.Tools.DebuggerVisualizer\BdsSoft.SharePoint.Linq.Tools.DebuggerVisualizer.csproj", "{F0762E29-CA1B-48ED-930E-599CA4267A61}"
EndProject
Project("{FAE04EC0-301F-11D3-BF4B-00C04F79EFBC}") = "BdsSoft.SharePoint.Linq.Tools.Installer", "BdsSoft.SharePoint.Linq.Tools.Installer\BdsSoft.SharePoint.Linq.Tools.Installer.csproj", "{35EC99EB-D38F-402A-A54B-C52B782F4B2C}"
EndProject
Global
	GlobalSection(TeamFoundationVersionControl) = preSolution
		SccNumberOfProjects = 12
		SccEnterpriseProvider = {4CA58AB2-18FA-4F8D-95D4-32DDF27D184C}
		SccTeamFoundationServer = https://tfs03.codeplex.com/
		SccLocalPath0 = .
		SccProjectUniqueName1 = BdsSoft.SharePoint.Linq\\BdsSoft.SharePoint.Linq.csproj
		SccProjectTopLevelParentUniqueName1 = LinqToSharePoint.sln
		SccProjectName1 = BdsSoft.SharePoint.Linq
		SccLocalPath1 = BdsSoft.SharePoint.Linq
		SccProjectUniqueName2 = SpMetal\\BdsSoft.SharePoint.Linq.Tools.SpMetal.csproj
		SccProjectTopLevelParentUniqueName2 = LinqToSharePoint.sln
		SccProjectName2 = SpMetal
		SccLocalPath2 = SpMetal
		SccProjectUniqueName3 = Tests\\Tests.csproj
		SccProjectTopLevelParentUniqueName3 = LinqToSharePoint.sln
		SccProjectName3 = Tests
		SccLocalPath3 = Tests
		SccProjectUniqueName4 = Junkyard\\Junkyard.csproj
		SccProjectTopLevelParentUniqueName4 = LinqToSharePoint.sln
		SccProjectName4 = Junkyard
		SccLocalPath4 = Junkyard
		SccProjectUniqueName5 = TestEntities\\TestEntities.csproj
		SccProjectTopLevelParentUniqueName5 = LinqToSharePoint.sln
		SccProjectName5 = TestEntities
		SccLocalPath5 = TestEntities
		SccProjectUniqueName6 = TestHelpersVb\\TestHelpersVb.vbproj
		SccProjectTopLevelParentUniqueName6 = LinqToSharePoint.sln
		SccProjectName6 = TestHelpersVb
		SccLocalPath6 = TestHelpersVb
		SccProjectUniqueName7 = BdsSoft.SharePoint.Linq.Tools.EntityGenerator\\BdsSoft.SharePoint.Linq.Tools.EntityGenerator.csproj
		SccProjectTopLevelParentUniqueName7 = LinqToSharePoint.sln
		SccProjectName7 = BdsSoft.SharePoint.Linq.Tools.EntityGenerator
		SccLocalPath7 = BdsSoft.SharePoint.Linq.Tools.EntityGenerator
		SccProjectUniqueName8 = BdsSoft.SharePoint.Linq.Tools.Spml\\BdsSoft.SharePoint.Linq.Tools.Spml.csproj
		SccProjectTopLevelParentUniqueName8 = LinqToSharePoint.sln
		SccProjectName8 = BdsSoft.SharePoint.Linq.Tools.Spml
		SccLocalPath8 = BdsSoft.SharePoint.Linq.Tools.Spml
		SccProjectUniqueName9 = ToolsSetup\\ToolsSetup.vdproj
		SccProjectTopLevelParentUniqueName9 = LinqToSharePoint.sln
		SccProjectName9 = ToolsSetup
		SccLocalPath9 = ToolsSetup
		SccProjectUniqueName10 = BdsSoft.SharePoint.Linq.Tools.DebuggerVisualizer\\BdsSoft.SharePoint.Linq.Tools.DebuggerVisualizer.csproj
		SccProjectTopLevelParentUniqueName10 = LinqToSharePoint.sln
		SccProjectName10 = BdsSoft.SharePoint.Linq.Tools.DebuggerVisualizer
		SccLocalPath10 = BdsSoft.SharePoint.Linq.Tools.DebuggerVisualizer
		SccProjectUniqueName11 = BdsSoft.SharePoint.Linq.Tools.Installer\\BdsSoft.SharePoint.Linq.Tools.Installer.csproj
		SccProjectTopLevelParentUniqueName11 = LinqToSharePoint.sln
		SccProjectName11 = BdsSoft.SharePoint.Linq.Tools.Installer
		SccLocalPath11 = BdsSoft.SharePoint.Linq.Tools.Installer
	EndGlobalSection
	GlobalSection(TestCaseManagementSettings) = postSolution
		CategoryFile = LinqToSharePoint.vsmdi
	EndGlobalSection
	GlobalSection(SolutionConfigurationPlatforms) = preSolution
		Debug|Any CPU = Debug|Any CPU
		Full build|Any CPU = Full build|Any CPU
		Release|Any CPU = Release|Any CPU
	EndGlobalSection
	GlobalSection(ProjectConfigurationPlatforms) = postSolution
		{B19723C2-779B-4FE5-B5BB-A9CAC927F96A}.Debug|Any CPU.ActiveCfg = Debug|Any CPU
		{B19723C2-779B-4FE5-B5BB-A9CAC927F96A}.Debug|Any CPU.Build.0 = Debug|Any CPU
		{B19723C2-779B-4FE5-B5BB-A9CAC927F96A}.Full build|Any CPU.ActiveCfg = Full build|Any CPU
		{B19723C2-779B-4FE5-B5BB-A9CAC927F96A}.Full build|Any CPU.Build.0 = Full build|Any CPU
		{B19723C2-779B-4FE5-B5BB-A9CAC927F96A}.Release|Any CPU.ActiveCfg = Release|Any CPU
		{B19723C2-779B-4FE5-B5BB-A9CAC927F96A}.Release|Any CPU.Build.0 = Release|Any CPU
		{3FBD2C31-0D90-42FA-BC23-CBE8A5DDE45A}.Debug|Any CPU.ActiveCfg = Debug|Any CPU
		{3FBD2C31-0D90-42FA-BC23-CBE8A5DDE45A}.Debug|Any CPU.Build.0 = Debug|Any CPU
		{3FBD2C31-0D90-42FA-BC23-CBE8A5DDE45A}.Full build|Any CPU.ActiveCfg = Full build|Any CPU
		{3FBD2C31-0D90-42FA-BC23-CBE8A5DDE45A}.Full build|Any CPU.Build.0 = Full build|Any CPU
		{3FBD2C31-0D90-42FA-BC23-CBE8A5DDE45A}.Release|Any CPU.ActiveCfg = Release|Any CPU
		{3FBD2C31-0D90-42FA-BC23-CBE8A5DDE45A}.Release|Any CPU.Build.0 = Release|Any CPU
		{1ACE901B-0691-4795-BBA6-69A856D7B372}.Debug|Any CPU.ActiveCfg = Debug|Any CPU
		{1ACE901B-0691-4795-BBA6-69A856D7B372}.Debug|Any CPU.Build.0 = Debug|Any CPU
		{1ACE901B-0691-4795-BBA6-69A856D7B372}.Full build|Any CPU.ActiveCfg = Full build|Any CPU
		{1ACE901B-0691-4795-BBA6-69A856D7B372}.Full build|Any CPU.Build.0 = Full build|Any CPU
		{1ACE901B-0691-4795-BBA6-69A856D7B372}.Release|Any CPU.ActiveCfg = Release|Any CPU
		{1ACE901B-0691-4795-BBA6-69A856D7B372}.Release|Any CPU.Build.0 = Release|Any CPU
		{41C163BA-F4E9-4188-B41D-405F32AA704A}.Debug|Any CPU.ActiveCfg = Debug|Any CPU
		{41C163BA-F4E9-4188-B41D-405F32AA704A}.Debug|Any CPU.Build.0 = Debug|Any CPU
		{41C163BA-F4E9-4188-B41D-405F32AA704A}.Full build|Any CPU.ActiveCfg = Full build|Any CPU
		{41C163BA-F4E9-4188-B41D-405F32AA704A}.Full build|Any CPU.Build.0 = Full build|Any CPU
		{41C163BA-F4E9-4188-B41D-405F32AA704A}.Release|Any CPU.ActiveCfg = Release|Any CPU
		{41C163BA-F4E9-4188-B41D-405F32AA704A}.Release|Any CPU.Build.0 = Release|Any CPU
		{3BD9FFBB-B9AD-4249-8975-CFEA38088211}.Debug|Any CPU.ActiveCfg = Debug|Any CPU
		{3BD9FFBB-B9AD-4249-8975-CFEA38088211}.Debug|Any CPU.Build.0 = Debug|Any CPU
		{3BD9FFBB-B9AD-4249-8975-CFEA38088211}.Full build|Any CPU.ActiveCfg = Full build|Any CPU
		{3BD9FFBB-B9AD-4249-8975-CFEA38088211}.Full build|Any CPU.Build.0 = Full build|Any CPU
		{3BD9FFBB-B9AD-4249-8975-CFEA38088211}.Release|Any CPU.ActiveCfg = Release|Any CPU
		{3BD9FFBB-B9AD-4249-8975-CFEA38088211}.Release|Any CPU.Build.0 = Release|Any CPU
		{F92DDC6F-0912-42AD-AB4E-7708B2E412AC}.Debug|Any CPU.ActiveCfg = Debug|Any CPU
		{F92DDC6F-0912-42AD-AB4E-7708B2E412AC}.Debug|Any CPU.Build.0 = Debug|Any CPU
		{F92DDC6F-0912-42AD-AB4E-7708B2E412AC}.Full build|Any CPU.ActiveCfg = Full build|Any CPU
		{F92DDC6F-0912-42AD-AB4E-7708B2E412AC}.Full build|Any CPU.Build.0 = Full build|Any CPU
		{F92DDC6F-0912-42AD-AB4E-7708B2E412AC}.Release|Any CPU.ActiveCfg = Release|Any CPU
		{F92DDC6F-0912-42AD-AB4E-7708B2E412AC}.Release|Any CPU.Build.0 = Release|Any CPU
		{67AA3765-542B-44BA-8B26-49402555D0B6}.Debug|Any CPU.ActiveCfg = Debug|Any CPU
		{67AA3765-542B-44BA-8B26-49402555D0B6}.Debug|Any CPU.Build.0 = Debug|Any CPU
		{67AA3765-542B-44BA-8B26-49402555D0B6}.Full build|Any CPU.ActiveCfg = Full build|Any CPU
		{67AA3765-542B-44BA-8B26-49402555D0B6}.Full build|Any CPU.Build.0 = Full build|Any CPU
		{67AA3765-542B-44BA-8B26-49402555D0B6}.Release|Any CPU.ActiveCfg = Release|Any CPU
		{67AA3765-542B-44BA-8B26-49402555D0B6}.Release|Any CPU.Build.0 = Release|Any CPU
		{D40D3731-1597-4180-B5D7-E052B5D9A935}.Debug|Any CPU.ActiveCfg = Debug|Any CPU
		{D40D3731-1597-4180-B5D7-E052B5D9A935}.Debug|Any CPU.Build.0 = Debug|Any CPU
		{D40D3731-1597-4180-B5D7-E052B5D9A935}.Full build|Any CPU.ActiveCfg = Full build|Any CPU
		{D40D3731-1597-4180-B5D7-E052B5D9A935}.Full build|Any CPU.Build.0 = Full build|Any CPU
		{D40D3731-1597-4180-B5D7-E052B5D9A935}.Release|Any CPU.ActiveCfg = Release|Any CPU
		{D40D3731-1597-4180-B5D7-E052B5D9A935}.Release|Any CPU.Build.0 = Release|Any CPU
		{97DD1F53-E775-4AF9-BF6B-22B4106FEDFD}.Debug|Any CPU.ActiveCfg = Debug
		{97DD1F53-E775-4AF9-BF6B-22B4106FEDFD}.Full build|Any CPU.ActiveCfg = Full build
		{97DD1F53-E775-4AF9-BF6B-22B4106FEDFD}.Full build|Any CPU.Build.0 = Full build
		{97DD1F53-E775-4AF9-BF6B-22B4106FEDFD}.Release|Any CPU.ActiveCfg = Release
		{F0762E29-CA1B-48ED-930E-599CA4267A61}.Debug|Any CPU.ActiveCfg = Debug|Any CPU
		{F0762E29-CA1B-48ED-930E-599CA4267A61}.Debug|Any CPU.Build.0 = Debug|Any CPU
		{F0762E29-CA1B-48ED-930E-599CA4267A61}.Full build|Any CPU.ActiveCfg = Full build|Any CPU
		{F0762E29-CA1B-48ED-930E-599CA4267A61}.Full build|Any CPU.Build.0 = Full build|Any CPU
		{F0762E29-CA1B-48ED-930E-599CA4267A61}.Release|Any CPU.ActiveCfg = Release|Any CPU
		{F0762E29-CA1B-48ED-930E-599CA4267A61}.Release|Any CPU.Build.0 = Release|Any CPU
		{35EC99EB-D38F-402A-A54B-C52B782F4B2C}.Debug|Any CPU.ActiveCfg = Debug|Any CPU
		{35EC99EB-D38F-402A-A54B-C52B782F4B2C}.Debug|Any CPU.Build.0 = Debug|Any CPU
		{35EC99EB-D38F-402A-A54B-C52B782F4B2C}.Full build|Any CPU.ActiveCfg = Full build|Any CPU
		{35EC99EB-D38F-402A-A54B-C52B782F4B2C}.Full build|Any CPU.Build.0 = Full build|Any CPU
		{35EC99EB-D38F-402A-A54B-C52B782F4B2C}.Release|Any CPU.ActiveCfg = Release|Any CPU
		{35EC99EB-D38F-402A-A54B-C52B782F4B2C}.Release|Any CPU.Build.0 = Release|Any CPU
	EndGlobalSection
	GlobalSection(SolutionProperties) = preSolution
		HideSolutionNode = FALSE
	EndGlobalSection
	GlobalSection(NestedProjects) = preSolution
		{B19723C2-779B-4FE5-B5BB-A9CAC927F96A} = {EDF1B637-946E-4F00-895E-4FC86A2B068B}
		{3FBD2C31-0D90-42FA-BC23-CBE8A5DDE45A} = {9F054971-94A5-4E61-98D6-E54D077DE662}
		{67AA3765-542B-44BA-8B26-49402555D0B6} = {9F054971-94A5-4E61-98D6-E54D077DE662}
		{D40D3731-1597-4180-B5D7-E052B5D9A935} = {9F054971-94A5-4E61-98D6-E54D077DE662}
		{97DD1F53-E775-4AF9-BF6B-22B4106FEDFD} = {9F054971-94A5-4E61-98D6-E54D077DE662}
		{F0762E29-CA1B-48ED-930E-599CA4267A61} = {9F054971-94A5-4E61-98D6-E54D077DE662}
		{35EC99EB-D38F-402A-A54B-C52B782F4B2C} = {9F054971-94A5-4E61-98D6-E54D077DE662}
		{1ACE901B-0691-4795-BBA6-69A856D7B372} = {6D9F34B5-4A7A-4296-B232-5E3AD7D0643B}
		{3BD9FFBB-B9AD-4249-8975-CFEA38088211} = {6D9F34B5-4A7A-4296-B232-5E3AD7D0643B}
		{F92DDC6F-0912-42AD-AB4E-7708B2E412AC} = {6D9F34B5-4A7A-4296-B232-5E3AD7D0643B}
		{41C163BA-F4E9-4188-B41D-405F32AA704A} = {EA99290B-36F6-4A53-A855-53AD053E24B3}
	EndGlobalSection
EndGlobal
