
Microsoft Visual Studio Solution File, Format Version 10.00
# Visual Studio Codename Orcas
Project("{FAE04EC0-301F-11D3-BF4B-00C04F79EFBC}") = "BdsSoft.SharePoint.Linq", "BdsSoft.SharePoint.Linq\BdsSoft.SharePoint.Linq.csproj", "{B19723C2-779B-4FE5-B5BB-A9CAC927F96A}"
EndProject
Project("{FAE04EC0-301F-11D3-BF4B-00C04F79EFBC}") = "Demo", "Demo\Demo.csproj", "{FE478C15-9B55-4100-A619-07FCB2031CD9}"
EndProject
Project("{FAE04EC0-301F-11D3-BF4B-00C04F79EFBC}") = "BdsSoft.SharePoint.Linq.Tools.SpMetal", "SpMetal\BdsSoft.SharePoint.Linq.Tools.SpMetal.csproj", "{3FBD2C31-0D90-42FA-BC23-CBE8A5DDE45A}"
EndProject
Project("{2150E333-8FDC-42A3-9474-1A3956D46DE8}") = "Solution Items", "Solution Items", "{5527A76A-AFF5-4694-B9CA-FD9E698CD06A}"
	ProjectSection(SolutionItems) = preProject
		LinqToSharePoint.vsmdi = LinqToSharePoint.vsmdi
		LocalTestRun.testrunconfig = LocalTestRun.testrunconfig
	EndProjectSection
EndProject
Project("{F184B08F-C81C-45F6-A57F-5ABD9991F28F}") = "DemoVb", "DemoVb\DemoVb.vbproj", "{68CEACDD-531B-4F38-9807-BF3E2BA2474F}"
EndProject
Project("{FAE04EC0-301F-11D3-BF4B-00C04F79EFBC}") = "Tests", "Tests\Tests.csproj", "{1ACE901B-0691-4795-BBA6-69A856D7B372}"
EndProject
Project("{FAE04EC0-301F-11D3-BF4B-00C04F79EFBC}") = "Junkyard", "Junkyard\Junkyard.csproj", "{41C163BA-F4E9-4188-B41D-405F32AA704A}"
EndProject
Project("{F184B08F-C81C-45F6-A57F-5ABD9991F28F}") = "TestHelpersVb", "TestHelpersVb\TestHelpersVb.vbproj", "{EB178CF2-C2CF-4412-979B-6FC32DEF4646}"
EndProject
Project("{2150E333-8FDC-42A3-9474-1A3956D46DE8}") = "Tools", "Tools", "{9F054971-94A5-4E61-98D6-E54D077DE662}"
EndProject
Project("{2150E333-8FDC-42A3-9474-1A3956D46DE8}") = "Library", "Library", "{EDF1B637-946E-4F00-895E-4FC86A2B068B}"
EndProject
Project("{2150E333-8FDC-42A3-9474-1A3956D46DE8}") = "Demo", "Demo", "{6606A2AF-D58C-4B09-B058-FE374DD124AE}"
EndProject
Project("{2150E333-8FDC-42A3-9474-1A3956D46DE8}") = "Developer's garden", "Developer's garden", "{EA99290B-36F6-4A53-A855-53AD053E24B3}"
EndProject
Project("{2150E333-8FDC-42A3-9474-1A3956D46DE8}") = "Test", "Test", "{6D9F34B5-4A7A-4296-B232-5E3AD7D0643B}"
EndProject
Project("{FAE04EC0-301F-11D3-BF4B-00C04F79EFBC}") = "TestEntities", "TestEntities\TestEntities.csproj", "{3BD9FFBB-B9AD-4249-8975-CFEA38088211}"
EndProject
Global
	GlobalSection(TeamFoundationVersionControl) = preSolution
		SccNumberOfProjects = 9
		SccEnterpriseProvider = {4CA58AB2-18FA-4F8D-95D4-32DDF27D184C}
		SccTeamFoundationServer = https://tfs03.codeplex.com/
		SccLocalPath0 = .
		SccProjectUniqueName1 = BdsSoft.SharePoint.Linq\\BdsSoft.SharePoint.Linq.csproj
		SccProjectTopLevelParentUniqueName1 = LinqToSharePoint.sln
		SccProjectName1 = BdsSoft.SharePoint.Linq
		SccLocalPath1 = BdsSoft.SharePoint.Linq
		SccProjectUniqueName2 = Demo\\Demo.csproj
		SccProjectTopLevelParentUniqueName2 = LinqToSharePoint.sln
		SccProjectName2 = Demo
		SccLocalPath2 = Demo
		SccProjectUniqueName3 = DemoVb\\DemoVb.vbproj
		SccProjectTopLevelParentUniqueName3 = LinqToSharePoint.sln
		SccProjectName3 = DemoVb
		SccLocalPath3 = DemoVb
		SccProjectUniqueName4 = SpMetal\\BdsSoft.SharePoint.Linq.Tools.SpMetal.csproj
		SccProjectTopLevelParentUniqueName4 = LinqToSharePoint.sln
		SccProjectName4 = SpMetal
		SccLocalPath4 = SpMetal
		SccProjectUniqueName5 = Tests\\Tests.csproj
		SccProjectTopLevelParentUniqueName5 = LinqToSharePoint.sln
		SccProjectName5 = Tests
		SccLocalPath5 = Tests
		SccProjectUniqueName6 = Junkyard\\Junkyard.csproj
		SccProjectTopLevelParentUniqueName6 = LinqToSharePoint.sln
		SccProjectName6 = Junkyard
		SccLocalPath6 = Junkyard
		SccProjectUniqueName7 = TestHelpersVb\\TestHelpersVb.vbproj
		SccProjectTopLevelParentUniqueName7 = LinqToSharePoint.sln
		SccProjectName7 = TestHelpersVb
		SccLocalPath7 = TestHelpersVb
		SccProjectUniqueName8 = TestEntities\\TestEntities.csproj
		SccProjectTopLevelParentUniqueName8 = LinqToSharePoint.sln
		SccProjectName8 = TestEntities
		SccLocalPath8 = TestEntities
	EndGlobalSection
	GlobalSection(TestCaseManagementSettings) = postSolution
		CategoryFile = LinqToSharePoint.vsmdi
	EndGlobalSection
	GlobalSection(SolutionConfigurationPlatforms) = preSolution
		Debug|Any CPU = Debug|Any CPU
		Release|Any CPU = Release|Any CPU
	EndGlobalSection
	GlobalSection(ProjectConfigurationPlatforms) = postSolution
		{B19723C2-779B-4FE5-B5BB-A9CAC927F96A}.Debug|Any CPU.ActiveCfg = Debug|Any CPU
		{B19723C2-779B-4FE5-B5BB-A9CAC927F96A}.Debug|Any CPU.Build.0 = Debug|Any CPU
		{B19723C2-779B-4FE5-B5BB-A9CAC927F96A}.Release|Any CPU.ActiveCfg = Release|Any CPU
		{B19723C2-779B-4FE5-B5BB-A9CAC927F96A}.Release|Any CPU.Build.0 = Release|Any CPU
		{FE478C15-9B55-4100-A619-07FCB2031CD9}.Debug|Any CPU.ActiveCfg = Debug|Any CPU
		{FE478C15-9B55-4100-A619-07FCB2031CD9}.Debug|Any CPU.Build.0 = Debug|Any CPU
		{FE478C15-9B55-4100-A619-07FCB2031CD9}.Release|Any CPU.ActiveCfg = Release|Any CPU
		{FE478C15-9B55-4100-A619-07FCB2031CD9}.Release|Any CPU.Build.0 = Release|Any CPU
		{3FBD2C31-0D90-42FA-BC23-CBE8A5DDE45A}.Debug|Any CPU.ActiveCfg = Debug|Any CPU
		{3FBD2C31-0D90-42FA-BC23-CBE8A5DDE45A}.Debug|Any CPU.Build.0 = Debug|Any CPU
		{3FBD2C31-0D90-42FA-BC23-CBE8A5DDE45A}.Release|Any CPU.ActiveCfg = Release|Any CPU
		{3FBD2C31-0D90-42FA-BC23-CBE8A5DDE45A}.Release|Any CPU.Build.0 = Release|Any CPU
		{68CEACDD-531B-4F38-9807-BF3E2BA2474F}.Debug|Any CPU.ActiveCfg = Debug|Any CPU
		{68CEACDD-531B-4F38-9807-BF3E2BA2474F}.Debug|Any CPU.Build.0 = Debug|Any CPU
		{68CEACDD-531B-4F38-9807-BF3E2BA2474F}.Release|Any CPU.ActiveCfg = Release|Any CPU
		{68CEACDD-531B-4F38-9807-BF3E2BA2474F}.Release|Any CPU.Build.0 = Release|Any CPU
		{1ACE901B-0691-4795-BBA6-69A856D7B372}.Debug|Any CPU.ActiveCfg = Debug|Any CPU
		{1ACE901B-0691-4795-BBA6-69A856D7B372}.Debug|Any CPU.Build.0 = Debug|Any CPU
		{1ACE901B-0691-4795-BBA6-69A856D7B372}.Release|Any CPU.ActiveCfg = Release|Any CPU
		{1ACE901B-0691-4795-BBA6-69A856D7B372}.Release|Any CPU.Build.0 = Release|Any CPU
		{41C163BA-F4E9-4188-B41D-405F32AA704A}.Debug|Any CPU.ActiveCfg = Debug|Any CPU
		{41C163BA-F4E9-4188-B41D-405F32AA704A}.Debug|Any CPU.Build.0 = Debug|Any CPU
		{41C163BA-F4E9-4188-B41D-405F32AA704A}.Release|Any CPU.ActiveCfg = Release|Any CPU
		{41C163BA-F4E9-4188-B41D-405F32AA704A}.Release|Any CPU.Build.0 = Release|Any CPU
		{EB178CF2-C2CF-4412-979B-6FC32DEF4646}.Debug|Any CPU.ActiveCfg = Debug|Any CPU
		{EB178CF2-C2CF-4412-979B-6FC32DEF4646}.Debug|Any CPU.Build.0 = Debug|Any CPU
		{EB178CF2-C2CF-4412-979B-6FC32DEF4646}.Release|Any CPU.ActiveCfg = Release|Any CPU
		{EB178CF2-C2CF-4412-979B-6FC32DEF4646}.Release|Any CPU.Build.0 = Release|Any CPU
		{3BD9FFBB-B9AD-4249-8975-CFEA38088211}.Debug|Any CPU.ActiveCfg = Debug|Any CPU
		{3BD9FFBB-B9AD-4249-8975-CFEA38088211}.Debug|Any CPU.Build.0 = Debug|Any CPU
		{3BD9FFBB-B9AD-4249-8975-CFEA38088211}.Release|Any CPU.ActiveCfg = Release|Any CPU
		{3BD9FFBB-B9AD-4249-8975-CFEA38088211}.Release|Any CPU.Build.0 = Release|Any CPU
	EndGlobalSection
	GlobalSection(SolutionProperties) = preSolution
		HideSolutionNode = FALSE
	EndGlobalSection
	GlobalSection(NestedProjects) = preSolution
		{3FBD2C31-0D90-42FA-BC23-CBE8A5DDE45A} = {9F054971-94A5-4E61-98D6-E54D077DE662}
		{B19723C2-779B-4FE5-B5BB-A9CAC927F96A} = {EDF1B637-946E-4F00-895E-4FC86A2B068B}
		{FE478C15-9B55-4100-A619-07FCB2031CD9} = {6606A2AF-D58C-4B09-B058-FE374DD124AE}
		{68CEACDD-531B-4F38-9807-BF3E2BA2474F} = {6606A2AF-D58C-4B09-B058-FE374DD124AE}
		{41C163BA-F4E9-4188-B41D-405F32AA704A} = {EA99290B-36F6-4A53-A855-53AD053E24B3}
		{EB178CF2-C2CF-4412-979B-6FC32DEF4646} = {6D9F34B5-4A7A-4296-B232-5E3AD7D0643B}
		{1ACE901B-0691-4795-BBA6-69A856D7B372} = {6D9F34B5-4A7A-4296-B232-5E3AD7D0643B}
		{3BD9FFBB-B9AD-4249-8975-CFEA38088211} = {6D9F34B5-4A7A-4296-B232-5E3AD7D0643B}
	EndGlobalSection
EndGlobal
